
Microsoft Visual Studio Solution File, Format Version 12.00
# Visual Studio 15
VisualStudioVersion = 15.0.28307.168
MinimumVisualStudioVersion = 10.0.40219.1
Project("{FAE04EC0-301F-11D3-BF4B-00C04F79EFBC}") = "Cmdlets", "Cmdlets\Cmdlets.csproj", "{A043AD65-32C8-448C-9B88-C79FF75CB8C1}"
EndProject
Global
	GlobalSection(SolutionConfigurationPlatforms) = preSolution
		Debug|Any CPU = Debug|Any CPU
		Release|Any CPU = Release|Any CPU
	EndGlobalSection
	GlobalSection(ProjectConfigurationPlatforms) = postSolution
		{A043AD65-32C8-448C-9B88-C79FF75CB8C1}.Debug|Any CPU.ActiveCfg = Debug|Any CPU
		{A043AD65-32C8-448C-9B88-C79FF75CB8C1}.Debug|Any CPU.Build.0 = Debug|Any CPU
		{A043AD65-32C8-448C-9B88-C79FF75CB8C1}.Release|Any CPU.ActiveCfg = Release|Any CPU
		{A043AD65-32C8-448C-9B88-C79FF75CB8C1}.Release|Any CPU.Build.0 = Release|Any CPU
	EndGlobalSection
	GlobalSection(SolutionProperties) = preSolution
		HideSolutionNode = FALSE
	EndGlobalSection
	GlobalSection(ExtensibilityGlobals) = postSolution
		SolutionGuid = {F892C56A-69C3-4B70-A0E8-58C58A0E0C87}
	EndGlobalSection
EndGlobal
